
Microsoft Visual Studio Solution File, Format Version 12.00
# Visual Studio 15
VisualStudioVersion = 15.0.27703.2047
MinimumVisualStudioVersion = 10.0.40219.1
Project("{8BC9CEB8-8B4A-11D0-8D11-00A0C91BC942}") = "Operator_Overload", "Operator_Overload\Operator_Overload.vcxproj", "{63C94384-F7CA-48E5-A630-49AE760435D1}"
EndProject
Project("{8BC9CEB8-8B4A-11D0-8D11-00A0C91BC942}") = "Deep_Vs_Shallow_Copy", "Deep_Vs_Shallow_Copy\Deep_Vs_Shallow_Copy.vcxproj", "{5B59E5D9-C7A0-4715-8C24-83941D9B8B3E}"
EndProject
Project("{8BC9CEB8-8B4A-11D0-8D11-00A0C91BC942}") = "Implicit_Conversions_and_Casting", "Implicit_Conversions_and_Casting\Implicit_Conversions_and_Casting.vcxproj", "{74B4F283-032E-4467-8419-10AAE580E1BF}"
EndProject
Project("{8BC9CEB8-8B4A-11D0-8D11-00A0C91BC942}") = "Inheritance", "Inheritance\Inheritance.vcxproj", "{5EB21BFE-924C-4FDB-B9BB-42BD7B766282}"
EndProject
Project("{8BC9CEB8-8B4A-11D0-8D11-00A0C91BC942}") = "Polymorphism", "Polymorphism\Polymorphism.vcxproj", "{CDC999BB-E38F-4BC6-9006-691795BCEED5}"
EndProject
Project("{8BC9CEB8-8B4A-11D0-8D11-00A0C91BC942}") = "Templates", "Templates\Templates.vcxproj", "{2378D368-F2D9-4037-AABB-94CB79675DCD}"
EndProject
Project("{8BC9CEB8-8B4A-11D0-8D11-00A0C91BC942}") = "Raylib_Practice", "Raylib_Practice\Raylib_Practice.vcxproj", "{E9C8408B-6204-48F2-A128-EE28015B9DED}"
EndProject
Project("{8BC9CEB8-8B4A-11D0-8D11-00A0C91BC942}") = "Dynamic_Arrays", "Dynamic_Arrays\Dynamic_Arrays.vcxproj", "{FE02C6C4-E097-422D-9629-B24C1DE70035}"
EndProject
Project("{8BC9CEB8-8B4A-11D0-8D11-00A0C91BC942}") = "A1US_Code_Design_And_Data_Structures_Part_One", "A1US_Code_Design_And_Data_Structures_Assessment\A1US_Code_Design_And_Data_Structures_Assessment.vcxproj", "{33ABFD27-253D-4B52-84BE-C08D8E1DE8D4}"
EndProject
Project("{8BC9CEB8-8B4A-11D0-8D11-00A0C91BC942}") = "Linked_Lists", "Linked_Lists\Linked_Lists.vcxproj", "{0B2E0C89-0EAA-45B1-86DE-F6DBF2FFFDD9}"
EndProject
Project("{8BC9CEB8-8B4A-11D0-8D11-00A0C91BC942}") = "Sorting, Bubble_Sort_And_Insertion_Sorting", "Sorting, Bubble_Sort_And_Insertion_Sorting\Sorting, Bubble_Sort_And_Insertion_Sorting.vcxproj", "{6EAD2697-0E61-4631-9DFC-AA57237070BC}"
EndProject
Project("{8BC9CEB8-8B4A-11D0-8D11-00A0C91BC942}") = "Merge_Sort", "Merge_Sort\Merge_Sort.vcxproj", "{A9C12364-2D22-47FA-8312-2D335AA3F19A}"
EndProject
Project("{8BC9CEB8-8B4A-11D0-8D11-00A0C91BC942}") = "Singletons_and_Enums", "Singletons_and_Enums\Singletons_and_Enums.vcxproj", "{0353D030-28B7-488D-BE8C-DC2E4373CA2E}"
EndProject
Project("{8BC9CEB8-8B4A-11D0-8D11-00A0C91BC942}") = "Object_Pooling", "Factory_Pattern\Factory_Pattern.vcxproj", "{9B803DFA-744A-422A-ADD6-5BBDD12CBB6A}"
EndProject
Project("{8BC9CEB8-8B4A-11D0-8D11-00A0C91BC942}") = "A1US_Code_Design_And_Data_Structures_Part_Two", "A1US_Code_Design_And_Data_Structures_Part_Two\A1US_Code_Design_And_Data_Structures_Part_Two.vcxproj", "{89ACD205-1A41-4866-BD7B-B8F6F0373979}"
EndProject
Global
	GlobalSection(SolutionConfigurationPlatforms) = preSolution
		Debug|x64 = Debug|x64
		Debug|x86 = Debug|x86
		Release|x64 = Release|x64
		Release|x86 = Release|x86
	EndGlobalSection
	GlobalSection(ProjectConfigurationPlatforms) = postSolution
		{63C94384-F7CA-48E5-A630-49AE760435D1}.Debug|x64.ActiveCfg = Debug|x64
		{63C94384-F7CA-48E5-A630-49AE760435D1}.Debug|x64.Build.0 = Debug|x64
		{63C94384-F7CA-48E5-A630-49AE760435D1}.Debug|x86.ActiveCfg = Debug|Win32
		{63C94384-F7CA-48E5-A630-49AE760435D1}.Debug|x86.Build.0 = Debug|Win32
		{63C94384-F7CA-48E5-A630-49AE760435D1}.Release|x64.ActiveCfg = Release|x64
		{63C94384-F7CA-48E5-A630-49AE760435D1}.Release|x64.Build.0 = Release|x64
		{63C94384-F7CA-48E5-A630-49AE760435D1}.Release|x86.ActiveCfg = Release|Win32
		{63C94384-F7CA-48E5-A630-49AE760435D1}.Release|x86.Build.0 = Release|Win32
		{5B59E5D9-C7A0-4715-8C24-83941D9B8B3E}.Debug|x64.ActiveCfg = Debug|x64
		{5B59E5D9-C7A0-4715-8C24-83941D9B8B3E}.Debug|x64.Build.0 = Debug|x64
		{5B59E5D9-C7A0-4715-8C24-83941D9B8B3E}.Debug|x86.ActiveCfg = Debug|Win32
		{5B59E5D9-C7A0-4715-8C24-83941D9B8B3E}.Debug|x86.Build.0 = Debug|Win32
		{5B59E5D9-C7A0-4715-8C24-83941D9B8B3E}.Release|x64.ActiveCfg = Release|x64
		{5B59E5D9-C7A0-4715-8C24-83941D9B8B3E}.Release|x64.Build.0 = Release|x64
		{5B59E5D9-C7A0-4715-8C24-83941D9B8B3E}.Release|x86.ActiveCfg = Release|Win32
		{5B59E5D9-C7A0-4715-8C24-83941D9B8B3E}.Release|x86.Build.0 = Release|Win32
		{74B4F283-032E-4467-8419-10AAE580E1BF}.Debug|x64.ActiveCfg = Debug|x64
		{74B4F283-032E-4467-8419-10AAE580E1BF}.Debug|x64.Build.0 = Debug|x64
		{74B4F283-032E-4467-8419-10AAE580E1BF}.Debug|x86.ActiveCfg = Debug|Win32
		{74B4F283-032E-4467-8419-10AAE580E1BF}.Debug|x86.Build.0 = Debug|Win32
		{74B4F283-032E-4467-8419-10AAE580E1BF}.Release|x64.ActiveCfg = Release|x64
		{74B4F283-032E-4467-8419-10AAE580E1BF}.Release|x64.Build.0 = Release|x64
		{74B4F283-032E-4467-8419-10AAE580E1BF}.Release|x86.ActiveCfg = Release|Win32
		{74B4F283-032E-4467-8419-10AAE580E1BF}.Release|x86.Build.0 = Release|Win32
		{5EB21BFE-924C-4FDB-B9BB-42BD7B766282}.Debug|x64.ActiveCfg = Debug|x64
		{5EB21BFE-924C-4FDB-B9BB-42BD7B766282}.Debug|x64.Build.0 = Debug|x64
		{5EB21BFE-924C-4FDB-B9BB-42BD7B766282}.Debug|x86.ActiveCfg = Debug|Win32
		{5EB21BFE-924C-4FDB-B9BB-42BD7B766282}.Debug|x86.Build.0 = Debug|Win32
		{5EB21BFE-924C-4FDB-B9BB-42BD7B766282}.Release|x64.ActiveCfg = Release|x64
		{5EB21BFE-924C-4FDB-B9BB-42BD7B766282}.Release|x64.Build.0 = Release|x64
		{5EB21BFE-924C-4FDB-B9BB-42BD7B766282}.Release|x86.ActiveCfg = Release|Win32
		{5EB21BFE-924C-4FDB-B9BB-42BD7B766282}.Release|x86.Build.0 = Release|Win32
		{CDC999BB-E38F-4BC6-9006-691795BCEED5}.Debug|x64.ActiveCfg = Debug|x64
		{CDC999BB-E38F-4BC6-9006-691795BCEED5}.Debug|x64.Build.0 = Debug|x64
		{CDC999BB-E38F-4BC6-9006-691795BCEED5}.Debug|x86.ActiveCfg = Debug|Win32
		{CDC999BB-E38F-4BC6-9006-691795BCEED5}.Debug|x86.Build.0 = Debug|Win32
		{CDC999BB-E38F-4BC6-9006-691795BCEED5}.Release|x64.ActiveCfg = Release|x64
		{CDC999BB-E38F-4BC6-9006-691795BCEED5}.Release|x64.Build.0 = Release|x64
		{CDC999BB-E38F-4BC6-9006-691795BCEED5}.Release|x86.ActiveCfg = Release|Win32
		{CDC999BB-E38F-4BC6-9006-691795BCEED5}.Release|x86.Build.0 = Release|Win32
		{2378D368-F2D9-4037-AABB-94CB79675DCD}.Debug|x64.ActiveCfg = Debug|x64
		{2378D368-F2D9-4037-AABB-94CB79675DCD}.Debug|x64.Build.0 = Debug|x64
		{2378D368-F2D9-4037-AABB-94CB79675DCD}.Debug|x86.ActiveCfg = Debug|Win32
		{2378D368-F2D9-4037-AABB-94CB79675DCD}.Debug|x86.Build.0 = Debug|Win32
		{2378D368-F2D9-4037-AABB-94CB79675DCD}.Release|x64.ActiveCfg = Release|x64
		{2378D368-F2D9-4037-AABB-94CB79675DCD}.Release|x64.Build.0 = Release|x64
		{2378D368-F2D9-4037-AABB-94CB79675DCD}.Release|x86.ActiveCfg = Release|Win32
		{2378D368-F2D9-4037-AABB-94CB79675DCD}.Release|x86.Build.0 = Release|Win32
		{E9C8408B-6204-48F2-A128-EE28015B9DED}.Debug|x64.ActiveCfg = Debug|x64
		{E9C8408B-6204-48F2-A128-EE28015B9DED}.Debug|x64.Build.0 = Debug|x64
		{E9C8408B-6204-48F2-A128-EE28015B9DED}.Debug|x86.ActiveCfg = Debug|Win32
		{E9C8408B-6204-48F2-A128-EE28015B9DED}.Debug|x86.Build.0 = Debug|Win32
		{E9C8408B-6204-48F2-A128-EE28015B9DED}.Release|x64.ActiveCfg = Release|x64
		{E9C8408B-6204-48F2-A128-EE28015B9DED}.Release|x64.Build.0 = Release|x64
		{E9C8408B-6204-48F2-A128-EE28015B9DED}.Release|x86.ActiveCfg = Release|Win32
		{E9C8408B-6204-48F2-A128-EE28015B9DED}.Release|x86.Build.0 = Release|Win32
		{FE02C6C4-E097-422D-9629-B24C1DE70035}.Debug|x64.ActiveCfg = Debug|x64
		{FE02C6C4-E097-422D-9629-B24C1DE70035}.Debug|x64.Build.0 = Debug|x64
		{FE02C6C4-E097-422D-9629-B24C1DE70035}.Debug|x86.ActiveCfg = Debug|Win32
		{FE02C6C4-E097-422D-9629-B24C1DE70035}.Debug|x86.Build.0 = Debug|Win32
		{FE02C6C4-E097-422D-9629-B24C1DE70035}.Release|x64.ActiveCfg = Release|x64
		{FE02C6C4-E097-422D-9629-B24C1DE70035}.Release|x64.Build.0 = Release|x64
		{FE02C6C4-E097-422D-9629-B24C1DE70035}.Release|x86.ActiveCfg = Release|Win32
		{FE02C6C4-E097-422D-9629-B24C1DE70035}.Release|x86.Build.0 = Release|Win32
		{33ABFD27-253D-4B52-84BE-C08D8E1DE8D4}.Debug|x64.ActiveCfg = Debug|x64
		{33ABFD27-253D-4B52-84BE-C08D8E1DE8D4}.Debug|x64.Build.0 = Debug|x64
		{33ABFD27-253D-4B52-84BE-C08D8E1DE8D4}.Debug|x86.ActiveCfg = Debug|Win32
		{33ABFD27-253D-4B52-84BE-C08D8E1DE8D4}.Debug|x86.Build.0 = Debug|Win32
		{33ABFD27-253D-4B52-84BE-C08D8E1DE8D4}.Release|x64.ActiveCfg = Release|x64
		{33ABFD27-253D-4B52-84BE-C08D8E1DE8D4}.Release|x64.Build.0 = Release|x64
		{33ABFD27-253D-4B52-84BE-C08D8E1DE8D4}.Release|x86.ActiveCfg = Release|Win32
		{33ABFD27-253D-4B52-84BE-C08D8E1DE8D4}.Release|x86.Build.0 = Release|Win32
		{0B2E0C89-0EAA-45B1-86DE-F6DBF2FFFDD9}.Debug|x64.ActiveCfg = Debug|x64
		{0B2E0C89-0EAA-45B1-86DE-F6DBF2FFFDD9}.Debug|x64.Build.0 = Debug|x64
		{0B2E0C89-0EAA-45B1-86DE-F6DBF2FFFDD9}.Debug|x86.ActiveCfg = Debug|Win32
		{0B2E0C89-0EAA-45B1-86DE-F6DBF2FFFDD9}.Debug|x86.Build.0 = Debug|Win32
		{0B2E0C89-0EAA-45B1-86DE-F6DBF2FFFDD9}.Release|x64.ActiveCfg = Release|x64
		{0B2E0C89-0EAA-45B1-86DE-F6DBF2FFFDD9}.Release|x64.Build.0 = Release|x64
		{0B2E0C89-0EAA-45B1-86DE-F6DBF2FFFDD9}.Release|x86.ActiveCfg = Release|Win32
		{0B2E0C89-0EAA-45B1-86DE-F6DBF2FFFDD9}.Release|x86.Build.0 = Release|Win32
		{6EAD2697-0E61-4631-9DFC-AA57237070BC}.Debug|x64.ActiveCfg = Debug|x64
		{6EAD2697-0E61-4631-9DFC-AA57237070BC}.Debug|x64.Build.0 = Debug|x64
		{6EAD2697-0E61-4631-9DFC-AA57237070BC}.Debug|x86.ActiveCfg = Debug|Win32
		{6EAD2697-0E61-4631-9DFC-AA57237070BC}.Debug|x86.Build.0 = Debug|Win32
		{6EAD2697-0E61-4631-9DFC-AA57237070BC}.Release|x64.ActiveCfg = Release|x64
		{6EAD2697-0E61-4631-9DFC-AA57237070BC}.Release|x64.Build.0 = Release|x64
		{6EAD2697-0E61-4631-9DFC-AA57237070BC}.Release|x86.ActiveCfg = Release|Win32
		{6EAD2697-0E61-4631-9DFC-AA57237070BC}.Release|x86.Build.0 = Release|Win32
		{A9C12364-2D22-47FA-8312-2D335AA3F19A}.Debug|x64.ActiveCfg = Debug|x64
		{A9C12364-2D22-47FA-8312-2D335AA3F19A}.Debug|x64.Build.0 = Debug|x64
		{A9C12364-2D22-47FA-8312-2D335AA3F19A}.Debug|x86.ActiveCfg = Debug|Win32
		{A9C12364-2D22-47FA-8312-2D335AA3F19A}.Debug|x86.Build.0 = Debug|Win32
		{A9C12364-2D22-47FA-8312-2D335AA3F19A}.Release|x64.ActiveCfg = Release|x64
		{A9C12364-2D22-47FA-8312-2D335AA3F19A}.Release|x64.Build.0 = Release|x64
		{A9C12364-2D22-47FA-8312-2D335AA3F19A}.Release|x86.ActiveCfg = Release|Win32
		{A9C12364-2D22-47FA-8312-2D335AA3F19A}.Release|x86.Build.0 = Release|Win32
		{0353D030-28B7-488D-BE8C-DC2E4373CA2E}.Debug|x64.ActiveCfg = Debug|x64
		{0353D030-28B7-488D-BE8C-DC2E4373CA2E}.Debug|x64.Build.0 = Debug|x64
		{0353D030-28B7-488D-BE8C-DC2E4373CA2E}.Debug|x86.ActiveCfg = Debug|Win32
		{0353D030-28B7-488D-BE8C-DC2E4373CA2E}.Debug|x86.Build.0 = Debug|Win32
		{0353D030-28B7-488D-BE8C-DC2E4373CA2E}.Release|x64.ActiveCfg = Release|x64
		{0353D030-28B7-488D-BE8C-DC2E4373CA2E}.Release|x64.Build.0 = Release|x64
		{0353D030-28B7-488D-BE8C-DC2E4373CA2E}.Release|x86.ActiveCfg = Release|Win32
		{0353D030-28B7-488D-BE8C-DC2E4373CA2E}.Release|x86.Build.0 = Release|Win32
		{9B803DFA-744A-422A-ADD6-5BBDD12CBB6A}.Debug|x64.ActiveCfg = Debug|x64
		{9B803DFA-744A-422A-ADD6-5BBDD12CBB6A}.Debug|x64.Build.0 = Debug|x64
		{9B803DFA-744A-422A-ADD6-5BBDD12CBB6A}.Debug|x86.ActiveCfg = Debug|Win32
		{9B803DFA-744A-422A-ADD6-5BBDD12CBB6A}.Debug|x86.Build.0 = Debug|Win32
		{9B803DFA-744A-422A-ADD6-5BBDD12CBB6A}.Release|x64.ActiveCfg = Release|x64
		{9B803DFA-744A-422A-ADD6-5BBDD12CBB6A}.Release|x64.Build.0 = Release|x64
		{9B803DFA-744A-422A-ADD6-5BBDD12CBB6A}.Release|x86.ActiveCfg = Release|Win32
		{9B803DFA-744A-422A-ADD6-5BBDD12CBB6A}.Release|x86.Build.0 = Release|Win32
		{89ACD205-1A41-4866-BD7B-B8F6F0373979}.Debug|x64.ActiveCfg = Debug|x64
		{89ACD205-1A41-4866-BD7B-B8F6F0373979}.Debug|x64.Build.0 = Debug|x64
		{89ACD205-1A41-4866-BD7B-B8F6F0373979}.Debug|x86.ActiveCfg = Debug|Win32
		{89ACD205-1A41-4866-BD7B-B8F6F0373979}.Debug|x86.Build.0 = Debug|Win32
		{89ACD205-1A41-4866-BD7B-B8F6F0373979}.Release|x64.ActiveCfg = Release|x64
		{89ACD205-1A41-4866-BD7B-B8F6F0373979}.Release|x64.Build.0 = Release|x64
		{89ACD205-1A41-4866-BD7B-B8F6F0373979}.Release|x86.ActiveCfg = Release|Win32
		{89ACD205-1A41-4866-BD7B-B8F6F0373979}.Release|x86.Build.0 = Release|Win32
	EndGlobalSection
	GlobalSection(SolutionProperties) = preSolution
		HideSolutionNode = FALSE
	EndGlobalSection
	GlobalSection(ExtensibilityGlobals) = postSolution
		SolutionGuid = {C76E7780-56BE-4B06-9F48-80C0A2E57574}
	EndGlobalSection
EndGlobal
